{
  "nodes": {
    "hydra": {
      "inputs": {
        "nix": "nix",
        "nixpkgs": [
          "hydra",
          "nix",
          "nixpkgs"
        ]
      },
      "locked": {
        "lastModified": 1608235539,
        "narHash": "sha256-QObdCPpWPq+7QiqEanvWmlBGHq6liuFrsckqgNFVb8c=",
        "owner": "regnat",
        "repo": "hydra",
        "rev": "a0505f4bafc894c05ce91bbe2eb242a4e04fc762",
        "type": "github"
      },
      "original": {
        "owner": "regnat",
        "ref": "nix-ca",
        "repo": "hydra",
        "type": "github"
      }
    },
    "lowdown-src": {
      "flake": false,
      "locked": {
        "lastModified": 1598695561,
        "narHash": "sha256-gyH/5j+h/nWw0W8AcR2WKvNBUsiQ7QuxqSJNXAwV+8E=",
        "owner": "kristapsdz",
        "repo": "lowdown",
        "rev": "1705b4a26fbf065d9574dce47a94e8c7c79e052f",
        "type": "github"
      },
      "original": {
        "owner": "kristapsdz",
        "repo": "lowdown",
        "type": "github"
      }
    },
    "nix": {
      "inputs": {
        "lowdown-src": "lowdown-src",
        "nixpkgs": "nixpkgs"
      },
      "locked": {
        "lastModified": 1608210748,
        "narHash": "sha256-4LdK6nLhxjYhDcgGuq5o/i2aUjcSCxoPofD03h3pdvg=",
        "owner": "NixOS",
        "repo": "nix",
        "rev": "26e189c3f8780812fd45e41c664d58e13ecd327c",
        "type": "github"
      },
      "original": {
        "id": "nix",
        "type": "indirect"
      }
    },
    "nixpkgs": {
      "locked": {
        "lastModified": 1602702596,
        "narHash": "sha256-fqJ4UgOb4ZUnCDIapDb4gCrtAah5Rnr2/At3IzMitig=",
        "owner": "NixOS",
        "repo": "nixpkgs",
        "rev": "ad0d20345219790533ebe06571f82ed6b034db31",
        "type": "github"
      },
      "original": {
        "id": "nixpkgs",
        "ref": "nixos-20.09-small",
        "type": "indirect"
      }
    },
    "root": {
      "inputs": {
        "hydra": "hydra",
        "nixpkgs": [
          "hydra",
          "nixpkgs"
        ]
      }
    }
  },
  "root": "root",
  "version": 7
}
